
Microsoft Visual Studio Solution File, Format Version 12.00
# Visual Studio Version 17
VisualStudioVersion = 17.3.32811.315
MinimumVisualStudioVersion = 10.0.40219.1
Project("{9A19103F-16F7-4668-BE54-9A1E7A4F7556}") = "EnginHoca1", "EnginHoca1\EnginHoca1.csproj", "{79CCFB1C-DF72-49F4-8AD4-A65FCDC678B7}"
EndProject
Project("{9A19103F-16F7-4668-BE54-9A1E7A4F7556}") = "Donguler", "Donguler\Donguler.csproj", "{89C63368-6DB5-4E99-ADD6-2E0715431907}"
EndProject
Project("{9A19103F-16F7-4668-BE54-9A1E7A4F7556}") = "ClassIntro", "ClassIntro\ClassIntro.csproj", "{F3C65F87-5F60-4DAD-BA78-9A6D0563B26A}"
EndProject
Project("{9A19103F-16F7-4668-BE54-9A1E7A4F7556}") = "Metotlar", "Metotlar\Metotlar.csproj", "{D61FEEEA-25A0-4C3D-9C65-675AFE33506A}"
EndProject
Project("{9A19103F-16F7-4668-BE54-9A1E7A4F7556}") = "Matematik", "Matematik\Matematik.csproj", "{A6CBE8B0-F53D-4598-A35F-E81E3A8B552D}"
EndProject
Project("{9A19103F-16F7-4668-BE54-9A1E7A4F7556}") = "DegerVeReferansTipler", "DegerVeReferansTipler\DegerVeReferansTipler.csproj", "{36509E63-4CFF-40C4-BF5D-57F23166FDC6}"
EndProject
Project("{9A19103F-16F7-4668-BE54-9A1E7A4F7556}") = "OOP1", "OOP1\OOP1.csproj", "{1311CE08-19F2-4176-B49F-104CE44B65F9}"
EndProject
Project("{9A19103F-16F7-4668-BE54-9A1E7A4F7556}") = "Koleksiyonlar", "Koleksiyonlar\Koleksiyonlar.csproj", "{343C4712-8493-4A57-89E7-44319E361B21}"
EndProject
Project("{9A19103F-16F7-4668-BE54-9A1E7A4F7556}") = "GenericsIntro", "GenericsIntro\GenericsIntro.csproj", "{21C069B1-873F-44AD-B284-2B2F7778F05B}"
EndProject
Project("{FAE04EC0-301F-11D3-BF4B-00C04F79EFBC}") = "Constructor", "Constructor\Constructor.csproj", "{4C5989C0-0310-4BD1-AAA6-A592B684B862}"
EndProject
Global
	GlobalSection(SolutionConfigurationPlatforms) = preSolution
		Debug|Any CPU = Debug|Any CPU
		Release|Any CPU = Release|Any CPU
	EndGlobalSection
	GlobalSection(ProjectConfigurationPlatforms) = postSolution
		{79CCFB1C-DF72-49F4-8AD4-A65FCDC678B7}.Debug|Any CPU.ActiveCfg = Debug|Any CPU
		{79CCFB1C-DF72-49F4-8AD4-A65FCDC678B7}.Debug|Any CPU.Build.0 = Debug|Any CPU
		{79CCFB1C-DF72-49F4-8AD4-A65FCDC678B7}.Release|Any CPU.ActiveCfg = Release|Any CPU
		{79CCFB1C-DF72-49F4-8AD4-A65FCDC678B7}.Release|Any CPU.Build.0 = Release|Any CPU
		{89C63368-6DB5-4E99-ADD6-2E0715431907}.Debug|Any CPU.ActiveCfg = Debug|Any CPU
		{89C63368-6DB5-4E99-ADD6-2E0715431907}.Debug|Any CPU.Build.0 = Debug|Any CPU
		{89C63368-6DB5-4E99-ADD6-2E0715431907}.Release|Any CPU.ActiveCfg = Release|Any CPU
		{89C63368-6DB5-4E99-ADD6-2E0715431907}.Release|Any CPU.Build.0 = Release|Any CPU
		{F3C65F87-5F60-4DAD-BA78-9A6D0563B26A}.Debug|Any CPU.ActiveCfg = Debug|Any CPU
		{F3C65F87-5F60-4DAD-BA78-9A6D0563B26A}.Debug|Any CPU.Build.0 = Debug|Any CPU
		{F3C65F87-5F60-4DAD-BA78-9A6D0563B26A}.Release|Any CPU.ActiveCfg = Release|Any CPU
		{F3C65F87-5F60-4DAD-BA78-9A6D0563B26A}.Release|Any CPU.Build.0 = Release|Any CPU
		{D61FEEEA-25A0-4C3D-9C65-675AFE33506A}.Debug|Any CPU.ActiveCfg = Debug|Any CPU
		{D61FEEEA-25A0-4C3D-9C65-675AFE33506A}.Debug|Any CPU.Build.0 = Debug|Any CPU
		{D61FEEEA-25A0-4C3D-9C65-675AFE33506A}.Release|Any CPU.ActiveCfg = Release|Any CPU
		{D61FEEEA-25A0-4C3D-9C65-675AFE33506A}.Release|Any CPU.Build.0 = Release|Any CPU
		{A6CBE8B0-F53D-4598-A35F-E81E3A8B552D}.Debug|Any CPU.ActiveCfg = Debug|Any CPU
		{A6CBE8B0-F53D-4598-A35F-E81E3A8B552D}.Debug|Any CPU.Build.0 = Debug|Any CPU
		{A6CBE8B0-F53D-4598-A35F-E81E3A8B552D}.Release|Any CPU.ActiveCfg = Release|Any CPU
		{A6CBE8B0-F53D-4598-A35F-E81E3A8B552D}.Release|Any CPU.Build.0 = Release|Any CPU
		{36509E63-4CFF-40C4-BF5D-57F23166FDC6}.Debug|Any CPU.ActiveCfg = Debug|Any CPU
		{36509E63-4CFF-40C4-BF5D-57F23166FDC6}.Debug|Any CPU.Build.0 = Debug|Any CPU
		{36509E63-4CFF-40C4-BF5D-57F23166FDC6}.Release|Any CPU.ActiveCfg = Release|Any CPU
		{36509E63-4CFF-40C4-BF5D-57F23166FDC6}.Release|Any CPU.Build.0 = Release|Any CPU
		{1311CE08-19F2-4176-B49F-104CE44B65F9}.Debug|Any CPU.ActiveCfg = Debug|Any CPU
		{1311CE08-19F2-4176-B49F-104CE44B65F9}.Debug|Any CPU.Build.0 = Debug|Any CPU
		{1311CE08-19F2-4176-B49F-104CE44B65F9}.Release|Any CPU.ActiveCfg = Release|Any CPU
		{1311CE08-19F2-4176-B49F-104CE44B65F9}.Release|Any CPU.Build.0 = Release|Any CPU
		{343C4712-8493-4A57-89E7-44319E361B21}.Debug|Any CPU.ActiveCfg = Debug|Any CPU
		{343C4712-8493-4A57-89E7-44319E361B21}.Debug|Any CPU.Build.0 = Debug|Any CPU
		{343C4712-8493-4A57-89E7-44319E361B21}.Release|Any CPU.ActiveCfg = Release|Any CPU
		{343C4712-8493-4A57-89E7-44319E361B21}.Release|Any CPU.Build.0 = Release|Any CPU
		{21C069B1-873F-44AD-B284-2B2F7778F05B}.Debug|Any CPU.ActiveCfg = Debug|Any CPU
		{21C069B1-873F-44AD-B284-2B2F7778F05B}.Debug|Any CPU.Build.0 = Debug|Any CPU
		{21C069B1-873F-44AD-B284-2B2F7778F05B}.Release|Any CPU.ActiveCfg = Release|Any CPU
		{21C069B1-873F-44AD-B284-2B2F7778F05B}.Release|Any CPU.Build.0 = Release|Any CPU
		{4C5989C0-0310-4BD1-AAA6-A592B684B862}.Debug|Any CPU.ActiveCfg = Debug|Any CPU
		{4C5989C0-0310-4BD1-AAA6-A592B684B862}.Debug|Any CPU.Build.0 = Debug|Any CPU
		{4C5989C0-0310-4BD1-AAA6-A592B684B862}.Release|Any CPU.ActiveCfg = Release|Any CPU
		{4C5989C0-0310-4BD1-AAA6-A592B684B862}.Release|Any CPU.Build.0 = Release|Any CPU
	EndGlobalSection
	GlobalSection(SolutionProperties) = preSolution
		HideSolutionNode = FALSE
	EndGlobalSection
	GlobalSection(ExtensibilityGlobals) = postSolution
		SolutionGuid = {1C93DD70-723A-4B1E-8E2B-5D3A84328E68}
	EndGlobalSection
EndGlobal
